
Microsoft Visual Studio Solution File, Format Version 12.00
# Visual Studio 2012
Project("{FAE04EC0-301F-11D3-BF4B-00C04F79EFBC}") = "Massive", "Massive\Massive.csproj", "{FF332F93-CBDF-45E6-A77E-616B3167A096}"
EndProject
Project("{2150E333-8FDC-42A3-9474-1A3956D46DE8}") = "src", "src", "{0628FAC9-F89D-47AD-ADB9-567B505AC0CC}"
	ProjectSection(SolutionItems) = preProject
		LICENSE.txt = LICENSE.txt
		Massive.cs = Massive.cs
		Massive.Oracle.cs = Massive.Oracle.cs
		Massive.PostgreSQL.cs = Massive.PostgreSQL.cs
		Massive.Sqlite.cs = Massive.Sqlite.cs
		README.markdown = README.markdown
	EndProjectSection
EndProject
Global
	GlobalSection(TeamFoundationVersionControl) = preSolution
		SccNumberOfProjects = 2
		SccEnterpriseProvider = {4CA58AB2-18FA-4F8D-95D4-32DDF27D184C}
		SccTeamFoundationServer = http://tfs.lumension.lcl:8080/tfs/defaultcollection
		SccLocalPath0 = .
		SccProjectUniqueName1 = Massive\\Massive.csproj
		SccProjectName1 = Massive
		SccLocalPath1 = Massive
	EndGlobalSection
	GlobalSection(SolutionConfigurationPlatforms) = preSolution
		Debug|Any CPU = Debug|Any CPU
		Release|Any CPU = Release|Any CPU
	EndGlobalSection
	GlobalSection(ProjectConfigurationPlatforms) = postSolution
		{FF332F93-CBDF-45E6-A77E-616B3167A096}.Debug|Any CPU.ActiveCfg = Debug|Any CPU
		{FF332F93-CBDF-45E6-A77E-616B3167A096}.Debug|Any CPU.Build.0 = Debug|Any CPU
		{FF332F93-CBDF-45E6-A77E-616B3167A096}.Release|Any CPU.ActiveCfg = Release|Any CPU
		{FF332F93-CBDF-45E6-A77E-616B3167A096}.Release|Any CPU.Build.0 = Release|Any CPU
	EndGlobalSection
	GlobalSection(SolutionProperties) = preSolution
		HideSolutionNode = FALSE
	EndGlobalSection
EndGlobal
